
Microsoft Visual Studio Solution File, Format Version 12.00
# Visual Studio Version 17
VisualStudioVersion = 17.4.33213.308
MinimumVisualStudioVersion = 10.0.40219.1
Project("{9A19103F-16F7-4668-BE54-9A1E7A4F7556}") = "DevDeptTstApp", "DevDeptTstApp\DevDeptTstApp.csproj", "{6A1214AD-8C2F-4A49-A6B1-AE5AC91B38C7}"
EndProject
Project("{E53339B2-1760-4266-BCC7-CA923CBCF16C}") = "docker-compose", "docker-compose.dcproj", "{2EADADA5-AC92-4A61-9E0A-DA2B7C5E234C}"
EndProject
Global
	GlobalSection(SolutionConfigurationPlatforms) = preSolution
		Debug|Any CPU = Debug|Any CPU
		Release|Any CPU = Release|Any CPU
	EndGlobalSection
	GlobalSection(ProjectConfigurationPlatforms) = postSolution
		{6A1214AD-8C2F-4A49-A6B1-AE5AC91B38C7}.Debug|Any CPU.ActiveCfg = Debug|Any CPU
		{6A1214AD-8C2F-4A49-A6B1-AE5AC91B38C7}.Debug|Any CPU.Build.0 = Debug|Any CPU
		{6A1214AD-8C2F-4A49-A6B1-AE5AC91B38C7}.Release|Any CPU.ActiveCfg = Release|Any CPU
		{6A1214AD-8C2F-4A49-A6B1-AE5AC91B38C7}.Release|Any CPU.Build.0 = Release|Any CPU
		{2EADADA5-AC92-4A61-9E0A-DA2B7C5E234C}.Debug|Any CPU.ActiveCfg = Debug|Any CPU
		{2EADADA5-AC92-4A61-9E0A-DA2B7C5E234C}.Debug|Any CPU.Build.0 = Debug|Any CPU
		{2EADADA5-AC92-4A61-9E0A-DA2B7C5E234C}.Release|Any CPU.ActiveCfg = Release|Any CPU
		{2EADADA5-AC92-4A61-9E0A-DA2B7C5E234C}.Release|Any CPU.Build.0 = Release|Any CPU
	EndGlobalSection
	GlobalSection(SolutionProperties) = preSolution
		HideSolutionNode = FALSE
	EndGlobalSection
	GlobalSection(ExtensibilityGlobals) = postSolution
		SolutionGuid = {A0903836-926A-4624-8A76-B167700DC2EA}
	EndGlobalSection
EndGlobal
